{
    "_readme": [
        "This file locks the dependencies of your project to a known state",
        "Read more about it at https://getcomposer.org/doc/01-basic-usage.md#installing-dependencies",
        "This file is @generated automatically"
    ],
    "content-hash": "61835acf5c4adfd6332998e0af40119e",
    "packages": [
        {
            "name": "league/commonmark",
            "version": "1.5.7",
            "source": {
                "type": "git",
                "url": "https://github.com/thephpleague/commonmark.git",
                "reference": "11df9b36fd4f1d2b727a73bf14931d81373b9a54"
            },
            "dist": {
                "type": "zip",
                "url": "https://api.github.com/repos/thephpleague/commonmark/zipball/11df9b36fd4f1d2b727a73bf14931d81373b9a54",
                "reference": "11df9b36fd4f1d2b727a73bf14931d81373b9a54",
                "shasum": ""
            },
            "require": {
                "ext-mbstring": "*",
                "php": "^7.1 || ^8.0"
            },
            "conflict": {
                "scrutinizer/ocular": "1.7.*"
            },
            "require-dev": {
                "cebe/markdown": "~1.0",
                "commonmark/commonmark.js": "0.29.2",
                "erusev/parsedown": "~1.0",
                "ext-json": "*",
                "github/gfm": "0.29.0",
                "michelf/php-markdown": "~1.4",
                "mikehaertl/php-shellcommand": "^1.4",
                "phpstan/phpstan": "^0.12",
                "phpunit/phpunit": "^7.5 || ^8.5 || ^9.2",
                "scrutinizer/ocular": "^1.5",
                "symfony/finder": "^4.2"
            },
            "bin": [
                "bin/commonmark"
            ],
            "type": "library",
            "autoload": {
                "psr-4": {
                    "League\\CommonMark\\": "src"
                }
            },
            "notification-url": "https://packagist.org/downloads/",
            "license": [
                "BSD-3-Clause"
            ],
            "authors": [
                {
                    "name": "Colin O'Dell",
                    "email": "colinodell@gmail.com",
                    "homepage": "https://www.colinodell.com",
                    "role": "Lead Developer"
                }
            ],
            "description": "Highly-extensible PHP Markdown parser which fully supports the CommonMark spec and Github-Flavored Markdown (GFM)",
            "homepage": "https://commonmark.thephpleague.com",
            "keywords": [
                "commonmark",
                "flavored",
                "gfm",
                "github",
                "github-flavored",
                "markdown",
                "md",
                "parser"
            ],
            "support": {
                "docs": "https://commonmark.thephpleague.com/",
                "issues": "https://github.com/thephpleague/commonmark/issues",
                "rss": "https://github.com/thephpleague/commonmark/releases.atom",
                "source": "https://github.com/thephpleague/commonmark"
            },
            "funding": [
                {
                    "url": "https://enjoy.gitstore.app/repositories/thephpleague/commonmark",
                    "type": "custom"
                },
                {
                    "url": "https://www.colinodell.com/sponsor",
                    "type": "custom"
                },
                {
                    "url": "https://www.paypal.me/colinpodell/10.00",
                    "type": "custom"
                },
                {
                    "url": "https://github.com/colinodell",
                    "type": "github"
                },
                {
                    "url": "https://www.patreon.com/colinodell",
                    "type": "patreon"
                },
                {
                    "url": "https://tidelift.com/funding/github/packagist/league/commonmark",
                    "type": "tidelift"
                }
            ],
            "time": "2020-10-31T13:49:32+00:00"
        },
        {
            "name": "michelf/php-smartypants",
            "version": "1.8.1",
            "source": {
                "type": "git",
                "url": "https://github.com/michelf/php-smartypants.git",
                "reference": "47d17c90a4dfd0ccf1f87e25c65e6c8012415aad"
            },
            "dist": {
                "type": "zip",
                "url": "https://api.github.com/repos/michelf/php-smartypants/zipball/47d17c90a4dfd0ccf1f87e25c65e6c8012415aad",
                "reference": "47d17c90a4dfd0ccf1f87e25c65e6c8012415aad",
                "shasum": ""
            },
            "require": {
                "php": ">=5.3.0"
            },
            "type": "library",
            "autoload": {
                "psr-0": {
                    "Michelf": ""
                }
            },
            "notification-url": "https://packagist.org/downloads/",
            "license": [
                "BSD-3-Clause"
            ],
            "authors": [
                {
                    "name": "Michel Fortin",
                    "email": "michel.fortin@michelf.ca",
                    "homepage": "https://michelf.ca/",
                    "role": "Developer"
                },
                {
                    "name": "John Gruber",
                    "homepage": "https://daringfireball.net/"
                }
            ],
            "description": "PHP SmartyPants",
            "homepage": "https://michelf.ca/projects/php-smartypants/",
            "keywords": [
                "dashes",
                "quotes",
                "spaces",
                "typographer",
                "typography"
            ],
            "support": {
                "issues": "https://github.com/michelf/php-smartypants/issues",
                "source": "https://github.com/michelf/php-smartypants/tree/1.8.1"
            },
            "time": "2016-12-13T01:01:17+00:00"
        },
        {
            "name": "pagerfanta/pagerfanta",
            "version": "v2.5.1",
            "source": {
                "type": "git",
                "url": "https://github.com/BabDev/Pagerfanta.git",
                "reference": "92138595c5cb65e517e49f6fee71b89da134509e"
            },
            "dist": {
                "type": "zip",
                "url": "https://api.github.com/repos/BabDev/Pagerfanta/zipball/92138595c5cb65e517e49f6fee71b89da134509e",
                "reference": "92138595c5cb65e517e49f6fee71b89da134509e",
                "shasum": ""
            },
            "require": {
                "ext-json": "*",
                "php": "^7.2 || ^8.0",
                "symfony/deprecation-contracts": "^2.1"
            },
            "conflict": {
                "twig/twig": "<1.35 || >=2.0,<2.5"
            },
            "replace": {
                "pagerfanta/core": "self.version",
                "pagerfanta/doctrine-collections-adapter": "self.version",
                "pagerfanta/doctrine-dbal-adapter": "self.version",
                "pagerfanta/doctrine-mongodb-odm-adapter": "self.version",
                "pagerfanta/doctrine-orm-adapter": "self.version",
                "pagerfanta/doctrine-phpcr-odm-adapter": "self.version",
                "pagerfanta/elastica-adapter": "self.version",
                "pagerfanta/solarium-adapter": "self.version",
                "pagerfanta/twig": "self.version"
            },
            "require-dev": {
                "dg/bypass-finals": "^1.2.2",
                "doctrine/collections": "^1.4",
                "doctrine/dbal": "^2.5 || ^3.0",
                "doctrine/orm": "^2.5",
                "doctrine/phpcr-odm": "^1.3",
                "friendsofphp/php-cs-fixer": "^2.16.3",
                "jackalope/jackalope-doctrine-dbal": "^1.3",
                "mandango/mandango": "^1.0@dev",
                "phpstan/extension-installer": "^1.0.4",
                "phpstan/phpstan": "^0.12.33",
                "phpstan/phpstan-phpunit": "^0.12.12",
                "phpunit/phpunit": "^8.5 || ^9.0",
                "propel/propel": "^2.0@dev",
                "propel/propel1": "^1.7",
                "ruflin/elastica": "^1.3 || ^2.0 || ^3.0 || ^5.0 || ^6.0 || ^7.0",
                "solarium/solarium": "^2.3 || ^3.0 || ^4.0 || ^5.0 || ^6.0",
                "twig/twig": "^1.35 || ^2.5 || ^3.0"
            },
            "suggest": {
                "twig/twig": "To integrate Pagerfanta with Twig"
            },
            "type": "library",
            "autoload": {
                "psr-4": {
                    "Pagerfanta\\": "lib/Core/",
                    "Pagerfanta\\Adapter\\": "src/Adapter/",
                    "Pagerfanta\\Doctrine\\Collections\\": "lib/Adapter/Doctrine/Collections/",
                    "Pagerfanta\\Doctrine\\DBAL\\": "lib/Adapter/Doctrine/DBAL/",
                    "Pagerfanta\\Doctrine\\MongoDBODM\\": "lib/Adapter/Doctrine/MongoDBODM/",
                    "Pagerfanta\\Doctrine\\ORM\\": "lib/Adapter/Doctrine/ORM/",
                    "Pagerfanta\\Doctrine\\PHPCRODM\\": "lib/Adapter/Doctrine/PHPCRODM/",
                    "Pagerfanta\\Elastica\\": "lib/Adapter/Elastica/",
                    "Pagerfanta\\Solarium\\": "lib/Adapter/Solarium/",
                    "Pagerfanta\\Twig\\": "lib/Twig/"
                }
            },
            "notification-url": "https://packagist.org/downloads/",
            "license": [
                "MIT"
            ],
            "description": "Pagination for PHP",
            "keywords": [
                "page",
                "pagination",
                "paginator",
                "paging"
            ],
            "support": {
                "issues": "https://github.com/BabDev/Pagerfanta/issues",
                "source": "https://github.com/BabDev/Pagerfanta/tree/v2.5.1"
            },
            "funding": [
                {
                    "url": "https://github.com/mbabker",
                    "type": "github"
                }
            ],
            "time": "2020-11-16T02:50:07+00:00"
        },
        {
            "name": "symfony/deprecation-contracts",
            "version": "v2.2.0",
            "source": {
                "type": "git",
                "url": "https://github.com/symfony/deprecation-contracts.git",
                "reference": "5fa56b4074d1ae755beb55617ddafe6f5d78f665"
            },
            "dist": {
                "type": "zip",
                "url": "https://api.github.com/repos/symfony/deprecation-contracts/zipball/5fa56b4074d1ae755beb55617ddafe6f5d78f665",
                "reference": "5fa56b4074d1ae755beb55617ddafe6f5d78f665",
                "shasum": ""
            },
            "require": {
                "php": ">=7.1"
            },
            "type": "library",
            "extra": {
                "branch-alias": {
                    "dev-master": "2.2-dev"
                },
                "thanks": {
                    "name": "symfony/contracts",
                    "url": "https://github.com/symfony/contracts"
                }
            },
            "autoload": {
                "files": [
                    "function.php"
                ]
            },
            "notification-url": "https://packagist.org/downloads/",
            "license": [
                "MIT"
            ],
            "authors": [
                {
                    "name": "Nicolas Grekas",
                    "email": "p@tchwork.com"
                },
                {
                    "name": "Symfony Community",
                    "homepage": "https://symfony.com/contributors"
                }
            ],
            "description": "A generic function and convention to trigger deprecation notices",
            "homepage": "https://symfony.com",
            "support": {
                "source": "https://github.com/symfony/deprecation-contracts/tree/master"
            },
            "funding": [
                {
                    "url": "https://symfony.com/sponsor",
                    "type": "custom"
                },
                {
                    "url": "https://github.com/fabpot",
                    "type": "github"
                },
                {
                    "url": "https://tidelift.com/funding/github/packagist/symfony/symfony",
                    "type": "tidelift"
                }
            ],
            "time": "2020-09-07T11:33:47+00:00"
        }
    ],
    "packages-dev": [],
    "aliases": [],
    "minimum-stability": "stable",
    "stability-flags": [],
    "prefer-stable": false,
    "prefer-lowest": false,
    "platform": [],
    "platform-dev": [],
    "plugin-api-version": "2.0.0"
}
