{
    "_readme": [
        "This file locks the dependencies of your project to a known state",
        "Read more about it at https://getcomposer.org/doc/01-basic-usage.md#installing-dependencies",
        "This file is @generated automatically"
    ],
    "content-hash": "827d2b4a2f5058a2acfd2b73e47b92d7",
    "packages": [
        {
            "name": "league/commonmark",
            "version": "1.5.7",
            "source": {
                "type": "git",
                "url": "https://github.com/thephpleague/commonmark.git",
                "reference": "11df9b36fd4f1d2b727a73bf14931d81373b9a54"
            },
            "dist": {
                "type": "zip",
                "url": "https://api.github.com/repos/thephpleague/commonmark/zipball/11df9b36fd4f1d2b727a73bf14931d81373b9a54",
                "reference": "11df9b36fd4f1d2b727a73bf14931d81373b9a54",
                "shasum": ""
            },
            "require": {
                "ext-mbstring": "*",
                "php": "^7.1 || ^8.0"
            },
            "conflict": {
                "scrutinizer/ocular": "1.7.*"
            },
            "require-dev": {
                "cebe/markdown": "~1.0",
                "commonmark/commonmark.js": "0.29.2",
                "erusev/parsedown": "~1.0",
                "ext-json": "*",
                "github/gfm": "0.29.0",
                "michelf/php-markdown": "~1.4",
                "mikehaertl/php-shellcommand": "^1.4",
                "phpstan/phpstan": "^0.12",
                "phpunit/phpunit": "^7.5 || ^8.5 || ^9.2",
                "scrutinizer/ocular": "^1.5",
                "symfony/finder": "^4.2"
            },
            "bin": [
                "bin/commonmark"
            ],
            "type": "library",
            "autoload": {
                "psr-4": {
                    "League\\CommonMark\\": "src"
                }
            },
            "notification-url": "https://packagist.org/downloads/",
            "license": [
                "BSD-3-Clause"
            ],
            "authors": [
                {
                    "name": "Colin O'Dell",
                    "email": "colinodell@gmail.com",
                    "homepage": "https://www.colinodell.com",
                    "role": "Lead Developer"
                }
            ],
            "description": "Highly-extensible PHP Markdown parser which fully supports the CommonMark spec and Github-Flavored Markdown (GFM)",
            "homepage": "https://commonmark.thephpleague.com",
            "keywords": [
                "commonmark",
                "flavored",
                "gfm",
                "github",
                "github-flavored",
                "markdown",
                "md",
                "parser"
            ],
            "support": {
                "docs": "https://commonmark.thephpleague.com/",
                "issues": "https://github.com/thephpleague/commonmark/issues",
                "rss": "https://github.com/thephpleague/commonmark/releases.atom",
                "source": "https://github.com/thephpleague/commonmark"
            },
            "funding": [
                {
                    "url": "https://enjoy.gitstore.app/repositories/thephpleague/commonmark",
                    "type": "custom"
                },
                {
                    "url": "https://www.colinodell.com/sponsor",
                    "type": "custom"
                },
                {
                    "url": "https://www.paypal.me/colinpodell/10.00",
                    "type": "custom"
                },
                {
                    "url": "https://github.com/colinodell",
                    "type": "github"
                },
                {
                    "url": "https://www.patreon.com/colinodell",
                    "type": "patreon"
                },
                {
                    "url": "https://tidelift.com/funding/github/packagist/league/commonmark",
                    "type": "tidelift"
                }
            ],
            "time": "2020-10-31T13:49:32+00:00"
        },
        {
            "name": "michelf/php-smartypants",
            "version": "1.8.1",
            "source": {
                "type": "git",
                "url": "https://github.com/michelf/php-smartypants.git",
                "reference": "47d17c90a4dfd0ccf1f87e25c65e6c8012415aad"
            },
            "dist": {
                "type": "zip",
                "url": "https://api.github.com/repos/michelf/php-smartypants/zipball/47d17c90a4dfd0ccf1f87e25c65e6c8012415aad",
                "reference": "47d17c90a4dfd0ccf1f87e25c65e6c8012415aad",
                "shasum": ""
            },
            "require": {
                "php": ">=5.3.0"
            },
            "type": "library",
            "autoload": {
                "psr-0": {
                    "Michelf": ""
                }
            },
            "notification-url": "https://packagist.org/downloads/",
            "license": [
                "BSD-3-Clause"
            ],
            "authors": [
                {
                    "name": "Michel Fortin",
                    "email": "michel.fortin@michelf.ca",
                    "homepage": "https://michelf.ca/",
                    "role": "Developer"
                },
                {
                    "name": "John Gruber",
                    "homepage": "https://daringfireball.net/"
                }
            ],
            "description": "PHP SmartyPants",
            "homepage": "https://michelf.ca/projects/php-smartypants/",
            "keywords": [
                "dashes",
                "quotes",
                "spaces",
                "typographer",
                "typography"
            ],
            "support": {
                "issues": "https://github.com/michelf/php-smartypants/issues",
                "source": "https://github.com/michelf/php-smartypants/tree/1.8.1"
            },
            "time": "2016-12-13T01:01:17+00:00"
        }
    ],
    "packages-dev": [],
    "aliases": [],
    "minimum-stability": "stable",
    "stability-flags": [],
    "prefer-stable": false,
    "prefer-lowest": false,
    "platform": [],
    "platform-dev": [],
    "plugin-api-version": "2.0.0"
}
